
Microsoft Visual Studio Solution File, Format Version 12.00
# Visual Studio Version 18
VisualStudioVersion = 18.5.11723.231
MinimumVisualStudioVersion = 10.0.40219.1
Project("{8BC9CEB8-8B4A-11D0-8D11-00A0C91BC942}") = "GamejoltGameAPI.Android", "GamejoltGameAPI.Android.vcxproj", "{9F3E0A23-56C1-4791-8E32-1B7BF378B200}"
EndProject
Project("{8BC9CEB8-8B4A-11D0-8D11-00A0C91BC942}") = "GamejoltGameAPI.iOS", "GamejoltGameAPI.iOS.vcxproj", "{59F72A1F-0220-44C6-8B4C-27BFC2D19A20}"
EndProject
Project("{8BC9CEB8-8B4A-11D0-8D11-00A0C91BC942}") = "GamejoltGameAPI.Mac", "GamejoltGameAPI.Mac.vcxproj", "{3870F1C6-20F6-46CB-824A-9863193879FF}"
EndProject
Project("{8BC9CEB8-8B4A-11D0-8D11-00A0C91BC942}") = "GamejoltGameAPI.Shared", "GamejoltGameAPI.Shared.vcxitems", "{A1728E84-89B7-4074-A74C-8E0A35891DCC}"
EndProject
Project("{8BC9CEB8-8B4A-11D0-8D11-00A0C91BC942}") = "GamejoltGameAPI.Windows", "GamejoltGameAPI.Windows.vcxproj", "{37CF2044-5FD9-47EC-BBA5-E5F78FDAA0A8}"
EndProject
Global
	GlobalSection(SolutionConfigurationPlatforms) = preSolution
		Debug Unicode|ARM = Debug Unicode|ARM
		Debug Unicode|ARM64 = Debug Unicode|ARM64
		Debug Unicode|x64 = Debug Unicode|x64
		Debug Unicode|x86 = Debug Unicode|x86
		Debug|ARM = Debug|ARM
		Debug|ARM64 = Debug|ARM64
		Debug|x64 = Debug|x64
		Debug|x86 = Debug|x86
		Edittime Unicode|ARM = Edittime Unicode|ARM
		Edittime Unicode|ARM64 = Edittime Unicode|ARM64
		Edittime Unicode|x64 = Edittime Unicode|x64
		Edittime Unicode|x86 = Edittime Unicode|x86
		Edittime|ARM = Edittime|ARM
		Edittime|ARM64 = Edittime|ARM64
		Edittime|x64 = Edittime|x64
		Edittime|x86 = Edittime|x86
		Runtime Unicode|ARM = Runtime Unicode|ARM
		Runtime Unicode|ARM64 = Runtime Unicode|ARM64
		Runtime Unicode|x64 = Runtime Unicode|x64
		Runtime Unicode|x86 = Runtime Unicode|x86
		Runtime|ARM = Runtime|ARM
		Runtime|ARM64 = Runtime|ARM64
		Runtime|x64 = Runtime|x64
		Runtime|x86 = Runtime|x86
	EndGlobalSection
	GlobalSection(ProjectConfigurationPlatforms) = postSolution
		{9F3E0A23-56C1-4791-8E32-1B7BF378B200}.Debug Unicode|ARM.ActiveCfg = Debug|ARM
		{9F3E0A23-56C1-4791-8E32-1B7BF378B200}.Debug Unicode|ARM.Build.0 = Debug|ARM
		{9F3E0A23-56C1-4791-8E32-1B7BF378B200}.Debug Unicode|ARM64.ActiveCfg = Debug|ARM64
		{9F3E0A23-56C1-4791-8E32-1B7BF378B200}.Debug Unicode|ARM64.Build.0 = Debug|ARM64
		{9F3E0A23-56C1-4791-8E32-1B7BF378B200}.Debug Unicode|x64.ActiveCfg = Debug|x64
		{9F3E0A23-56C1-4791-8E32-1B7BF378B200}.Debug Unicode|x64.Build.0 = Debug|x64
		{9F3E0A23-56C1-4791-8E32-1B7BF378B200}.Debug Unicode|x86.ActiveCfg = Debug|x86
		{9F3E0A23-56C1-4791-8E32-1B7BF378B200}.Debug Unicode|x86.Build.0 = Debug|x86
		{9F3E0A23-56C1-4791-8E32-1B7BF378B200}.Debug|ARM.ActiveCfg = Debug|ARM
		{9F3E0A23-56C1-4791-8E32-1B7BF378B200}.Debug|ARM.Build.0 = Debug|ARM
		{9F3E0A23-56C1-4791-8E32-1B7BF378B200}.Debug|ARM64.ActiveCfg = Debug|ARM64
		{9F3E0A23-56C1-4791-8E32-1B7BF378B200}.Debug|ARM64.Build.0 = Debug|ARM64
		{9F3E0A23-56C1-4791-8E32-1B7BF378B200}.Debug|x64.ActiveCfg = Debug|x64
		{9F3E0A23-56C1-4791-8E32-1B7BF378B200}.Debug|x64.Build.0 = Debug|x64
		{9F3E0A23-56C1-4791-8E32-1B7BF378B200}.Debug|x86.ActiveCfg = Debug|x86
		{9F3E0A23-56C1-4791-8E32-1B7BF378B200}.Debug|x86.Build.0 = Debug|x86
		{9F3E0A23-56C1-4791-8E32-1B7BF378B200}.Edittime Unicode|ARM.ActiveCfg = Runtime|ARM
		{9F3E0A23-56C1-4791-8E32-1B7BF378B200}.Edittime Unicode|ARM64.ActiveCfg = Runtime|ARM64
		{9F3E0A23-56C1-4791-8E32-1B7BF378B200}.Edittime Unicode|x64.ActiveCfg = Runtime|x64
		{9F3E0A23-56C1-4791-8E32-1B7BF378B200}.Edittime Unicode|x86.ActiveCfg = Runtime|x86
		{9F3E0A23-56C1-4791-8E32-1B7BF378B200}.Edittime|ARM.ActiveCfg = Runtime|ARM
		{9F3E0A23-56C1-4791-8E32-1B7BF378B200}.Edittime|ARM64.ActiveCfg = Runtime|ARM64
		{9F3E0A23-56C1-4791-8E32-1B7BF378B200}.Edittime|x64.ActiveCfg = Runtime|x64
		{9F3E0A23-56C1-4791-8E32-1B7BF378B200}.Edittime|x86.ActiveCfg = Runtime|x86
		{9F3E0A23-56C1-4791-8E32-1B7BF378B200}.Runtime Unicode|ARM.ActiveCfg = Runtime|ARM
		{9F3E0A23-56C1-4791-8E32-1B7BF378B200}.Runtime Unicode|ARM.Build.0 = Runtime|ARM
		{9F3E0A23-56C1-4791-8E32-1B7BF378B200}.Runtime Unicode|ARM64.ActiveCfg = Runtime|ARM64
		{9F3E0A23-56C1-4791-8E32-1B7BF378B200}.Runtime Unicode|ARM64.Build.0 = Runtime|ARM64
		{9F3E0A23-56C1-4791-8E32-1B7BF378B200}.Runtime Unicode|x64.ActiveCfg = Runtime|x64
		{9F3E0A23-56C1-4791-8E32-1B7BF378B200}.Runtime Unicode|x64.Build.0 = Runtime|x64
		{9F3E0A23-56C1-4791-8E32-1B7BF378B200}.Runtime Unicode|x86.ActiveCfg = Runtime|x86
		{9F3E0A23-56C1-4791-8E32-1B7BF378B200}.Runtime Unicode|x86.Build.0 = Runtime|x86
		{9F3E0A23-56C1-4791-8E32-1B7BF378B200}.Runtime|ARM.ActiveCfg = Runtime|ARM
		{9F3E0A23-56C1-4791-8E32-1B7BF378B200}.Runtime|ARM.Build.0 = Runtime|ARM
		{9F3E0A23-56C1-4791-8E32-1B7BF378B200}.Runtime|ARM64.ActiveCfg = Runtime|ARM64
		{9F3E0A23-56C1-4791-8E32-1B7BF378B200}.Runtime|ARM64.Build.0 = Runtime|ARM64
		{9F3E0A23-56C1-4791-8E32-1B7BF378B200}.Runtime|x64.ActiveCfg = Runtime|x64
		{9F3E0A23-56C1-4791-8E32-1B7BF378B200}.Runtime|x64.Build.0 = Runtime|x64
		{9F3E0A23-56C1-4791-8E32-1B7BF378B200}.Runtime|x86.ActiveCfg = Runtime|x86
		{9F3E0A23-56C1-4791-8E32-1B7BF378B200}.Runtime|x86.Build.0 = Runtime|x86
		{59F72A1F-0220-44C6-8B4C-27BFC2D19A20}.Debug Unicode|ARM.ActiveCfg = Debug|ARM
		{59F72A1F-0220-44C6-8B4C-27BFC2D19A20}.Debug Unicode|ARM.Build.0 = Debug|ARM
		{59F72A1F-0220-44C6-8B4C-27BFC2D19A20}.Debug Unicode|ARM64.ActiveCfg = Debug|ARM64
		{59F72A1F-0220-44C6-8B4C-27BFC2D19A20}.Debug Unicode|ARM64.Build.0 = Debug|ARM64
		{59F72A1F-0220-44C6-8B4C-27BFC2D19A20}.Debug Unicode|x64.ActiveCfg = Debug|x64
		{59F72A1F-0220-44C6-8B4C-27BFC2D19A20}.Debug Unicode|x64.Build.0 = Debug|x64
		{59F72A1F-0220-44C6-8B4C-27BFC2D19A20}.Debug Unicode|x86.ActiveCfg = Debug|x86
		{59F72A1F-0220-44C6-8B4C-27BFC2D19A20}.Debug Unicode|x86.Build.0 = Debug|x86
		{59F72A1F-0220-44C6-8B4C-27BFC2D19A20}.Debug|ARM.ActiveCfg = Debug|ARM
		{59F72A1F-0220-44C6-8B4C-27BFC2D19A20}.Debug|ARM.Build.0 = Debug|ARM
		{59F72A1F-0220-44C6-8B4C-27BFC2D19A20}.Debug|ARM64.ActiveCfg = Debug|ARM64
		{59F72A1F-0220-44C6-8B4C-27BFC2D19A20}.Debug|ARM64.Build.0 = Debug|ARM64
		{59F72A1F-0220-44C6-8B4C-27BFC2D19A20}.Debug|x64.ActiveCfg = Debug|x64
		{59F72A1F-0220-44C6-8B4C-27BFC2D19A20}.Debug|x64.Build.0 = Debug|x64
		{59F72A1F-0220-44C6-8B4C-27BFC2D19A20}.Debug|x86.ActiveCfg = Debug|x86
		{59F72A1F-0220-44C6-8B4C-27BFC2D19A20}.Debug|x86.Build.0 = Debug|x86
		{59F72A1F-0220-44C6-8B4C-27BFC2D19A20}.Edittime Unicode|ARM.ActiveCfg = Runtime|ARM
		{59F72A1F-0220-44C6-8B4C-27BFC2D19A20}.Edittime Unicode|ARM64.ActiveCfg = Runtime|ARM64
		{59F72A1F-0220-44C6-8B4C-27BFC2D19A20}.Edittime Unicode|x64.ActiveCfg = Runtime|x64
		{59F72A1F-0220-44C6-8B4C-27BFC2D19A20}.Edittime Unicode|x86.ActiveCfg = Runtime|x86
		{59F72A1F-0220-44C6-8B4C-27BFC2D19A20}.Edittime|ARM.ActiveCfg = Runtime|ARM
		{59F72A1F-0220-44C6-8B4C-27BFC2D19A20}.Edittime|ARM64.ActiveCfg = Runtime|ARM64
		{59F72A1F-0220-44C6-8B4C-27BFC2D19A20}.Edittime|x64.ActiveCfg = Runtime|x64
		{59F72A1F-0220-44C6-8B4C-27BFC2D19A20}.Edittime|x86.ActiveCfg = Runtime|x86
		{59F72A1F-0220-44C6-8B4C-27BFC2D19A20}.Runtime Unicode|ARM.ActiveCfg = Runtime|ARM
		{59F72A1F-0220-44C6-8B4C-27BFC2D19A20}.Runtime Unicode|ARM.Build.0 = Runtime|ARM
		{59F72A1F-0220-44C6-8B4C-27BFC2D19A20}.Runtime Unicode|ARM64.ActiveCfg = Runtime|ARM64
		{59F72A1F-0220-44C6-8B4C-27BFC2D19A20}.Runtime Unicode|ARM64.Build.0 = Runtime|ARM64
		{59F72A1F-0220-44C6-8B4C-27BFC2D19A20}.Runtime Unicode|x64.ActiveCfg = Runtime|x64
		{59F72A1F-0220-44C6-8B4C-27BFC2D19A20}.Runtime Unicode|x64.Build.0 = Runtime|x64
		{59F72A1F-0220-44C6-8B4C-27BFC2D19A20}.Runtime Unicode|x86.ActiveCfg = Runtime|x86
		{59F72A1F-0220-44C6-8B4C-27BFC2D19A20}.Runtime Unicode|x86.Build.0 = Runtime|x86
		{59F72A1F-0220-44C6-8B4C-27BFC2D19A20}.Runtime|ARM.ActiveCfg = Runtime|ARM
		{59F72A1F-0220-44C6-8B4C-27BFC2D19A20}.Runtime|ARM.Build.0 = Runtime|ARM
		{59F72A1F-0220-44C6-8B4C-27BFC2D19A20}.Runtime|ARM64.ActiveCfg = Runtime|ARM64
		{59F72A1F-0220-44C6-8B4C-27BFC2D19A20}.Runtime|ARM64.Build.0 = Runtime|ARM64
		{59F72A1F-0220-44C6-8B4C-27BFC2D19A20}.Runtime|x64.ActiveCfg = Runtime|x64
		{59F72A1F-0220-44C6-8B4C-27BFC2D19A20}.Runtime|x64.Build.0 = Runtime|x64
		{59F72A1F-0220-44C6-8B4C-27BFC2D19A20}.Runtime|x86.ActiveCfg = Runtime|x86
		{59F72A1F-0220-44C6-8B4C-27BFC2D19A20}.Runtime|x86.Build.0 = Runtime|x86
		{3870F1C6-20F6-46CB-824A-9863193879FF}.Debug Unicode|ARM.ActiveCfg = Debug|ARM64
		{3870F1C6-20F6-46CB-824A-9863193879FF}.Debug Unicode|ARM64.ActiveCfg = Debug|ARM64
		{3870F1C6-20F6-46CB-824A-9863193879FF}.Debug Unicode|ARM64.Build.0 = Debug|ARM64
		{3870F1C6-20F6-46CB-824A-9863193879FF}.Debug Unicode|x64.ActiveCfg = Debug|x64
		{3870F1C6-20F6-46CB-824A-9863193879FF}.Debug Unicode|x64.Build.0 = Debug|x64
		{3870F1C6-20F6-46CB-824A-9863193879FF}.Debug Unicode|x86.ActiveCfg = Debug|ARM64
		{3870F1C6-20F6-46CB-824A-9863193879FF}.Debug|ARM.ActiveCfg = Debug|ARM64
		{3870F1C6-20F6-46CB-824A-9863193879FF}.Debug|ARM64.ActiveCfg = Debug|ARM64
		{3870F1C6-20F6-46CB-824A-9863193879FF}.Debug|ARM64.Build.0 = Debug|ARM64
		{3870F1C6-20F6-46CB-824A-9863193879FF}.Debug|x64.ActiveCfg = Debug|x64
		{3870F1C6-20F6-46CB-824A-9863193879FF}.Debug|x64.Build.0 = Debug|x64
		{3870F1C6-20F6-46CB-824A-9863193879FF}.Debug|x86.ActiveCfg = Debug|ARM64
		{3870F1C6-20F6-46CB-824A-9863193879FF}.Edittime Unicode|ARM.ActiveCfg = Runtime|ARM64
		{3870F1C6-20F6-46CB-824A-9863193879FF}.Edittime Unicode|ARM64.ActiveCfg = Runtime|ARM64
		{3870F1C6-20F6-46CB-824A-9863193879FF}.Edittime Unicode|x64.ActiveCfg = Runtime|x64
		{3870F1C6-20F6-46CB-824A-9863193879FF}.Edittime Unicode|x86.ActiveCfg = Runtime|ARM64
		{3870F1C6-20F6-46CB-824A-9863193879FF}.Edittime|ARM.ActiveCfg = Runtime|ARM64
		{3870F1C6-20F6-46CB-824A-9863193879FF}.Edittime|ARM64.ActiveCfg = Runtime|ARM64
		{3870F1C6-20F6-46CB-824A-9863193879FF}.Edittime|x64.ActiveCfg = Runtime|x64
		{3870F1C6-20F6-46CB-824A-9863193879FF}.Edittime|x86.ActiveCfg = Runtime|ARM64
		{3870F1C6-20F6-46CB-824A-9863193879FF}.Runtime Unicode|ARM.ActiveCfg = Runtime|ARM64
		{3870F1C6-20F6-46CB-824A-9863193879FF}.Runtime Unicode|ARM64.ActiveCfg = Runtime|ARM64
		{3870F1C6-20F6-46CB-824A-9863193879FF}.Runtime Unicode|ARM64.Build.0 = Runtime|ARM64
		{3870F1C6-20F6-46CB-824A-9863193879FF}.Runtime Unicode|x64.ActiveCfg = Runtime|x64
		{3870F1C6-20F6-46CB-824A-9863193879FF}.Runtime Unicode|x64.Build.0 = Runtime|x64
		{3870F1C6-20F6-46CB-824A-9863193879FF}.Runtime Unicode|x86.ActiveCfg = Runtime|ARM64
		{3870F1C6-20F6-46CB-824A-9863193879FF}.Runtime|ARM.ActiveCfg = Runtime|ARM64
		{3870F1C6-20F6-46CB-824A-9863193879FF}.Runtime|ARM64.ActiveCfg = Runtime|ARM64
		{3870F1C6-20F6-46CB-824A-9863193879FF}.Runtime|ARM64.Build.0 = Runtime|ARM64
		{3870F1C6-20F6-46CB-824A-9863193879FF}.Runtime|x64.ActiveCfg = Runtime|x64
		{3870F1C6-20F6-46CB-824A-9863193879FF}.Runtime|x64.Build.0 = Runtime|x64
		{3870F1C6-20F6-46CB-824A-9863193879FF}.Runtime|x86.ActiveCfg = Runtime|ARM64
		{37CF2044-5FD9-47EC-BBA5-E5F78FDAA0A8}.Debug Unicode|ARM.ActiveCfg = Debug Unicode|Win32
		{37CF2044-5FD9-47EC-BBA5-E5F78FDAA0A8}.Debug Unicode|ARM64.ActiveCfg = Debug Unicode|Win32
		{37CF2044-5FD9-47EC-BBA5-E5F78FDAA0A8}.Debug Unicode|x64.ActiveCfg = Debug Unicode|Win32
		{37CF2044-5FD9-47EC-BBA5-E5F78FDAA0A8}.Debug Unicode|x86.ActiveCfg = Debug Unicode|Win32
		{37CF2044-5FD9-47EC-BBA5-E5F78FDAA0A8}.Debug Unicode|x86.Build.0 = Debug Unicode|Win32
		{37CF2044-5FD9-47EC-BBA5-E5F78FDAA0A8}.Debug|ARM.ActiveCfg = Debug|Win32
		{37CF2044-5FD9-47EC-BBA5-E5F78FDAA0A8}.Debug|ARM64.ActiveCfg = Debug|Win32
		{37CF2044-5FD9-47EC-BBA5-E5F78FDAA0A8}.Debug|x64.ActiveCfg = Debug|Win32
		{37CF2044-5FD9-47EC-BBA5-E5F78FDAA0A8}.Debug|x86.ActiveCfg = Debug|Win32
		{37CF2044-5FD9-47EC-BBA5-E5F78FDAA0A8}.Debug|x86.Build.0 = Debug|Win32
		{37CF2044-5FD9-47EC-BBA5-E5F78FDAA0A8}.Edittime Unicode|ARM.ActiveCfg = Edittime Unicode|Win32
		{37CF2044-5FD9-47EC-BBA5-E5F78FDAA0A8}.Edittime Unicode|ARM64.ActiveCfg = Edittime Unicode|Win32
		{37CF2044-5FD9-47EC-BBA5-E5F78FDAA0A8}.Edittime Unicode|x64.ActiveCfg = Edittime Unicode|Win32
		{37CF2044-5FD9-47EC-BBA5-E5F78FDAA0A8}.Edittime Unicode|x86.ActiveCfg = Edittime Unicode|Win32
		{37CF2044-5FD9-47EC-BBA5-E5F78FDAA0A8}.Edittime Unicode|x86.Build.0 = Edittime Unicode|Win32
		{37CF2044-5FD9-47EC-BBA5-E5F78FDAA0A8}.Edittime|ARM.ActiveCfg = Edittime|Win32
		{37CF2044-5FD9-47EC-BBA5-E5F78FDAA0A8}.Edittime|ARM64.ActiveCfg = Edittime|Win32
		{37CF2044-5FD9-47EC-BBA5-E5F78FDAA0A8}.Edittime|x64.ActiveCfg = Edittime|Win32
		{37CF2044-5FD9-47EC-BBA5-E5F78FDAA0A8}.Edittime|x86.ActiveCfg = Edittime|Win32
		{37CF2044-5FD9-47EC-BBA5-E5F78FDAA0A8}.Edittime|x86.Build.0 = Edittime|Win32
		{37CF2044-5FD9-47EC-BBA5-E5F78FDAA0A8}.Runtime Unicode|ARM.ActiveCfg = Runtime Unicode|Win32
		{37CF2044-5FD9-47EC-BBA5-E5F78FDAA0A8}.Runtime Unicode|ARM64.ActiveCfg = Runtime Unicode|Win32
		{37CF2044-5FD9-47EC-BBA5-E5F78FDAA0A8}.Runtime Unicode|x64.ActiveCfg = Runtime Unicode|Win32
		{37CF2044-5FD9-47EC-BBA5-E5F78FDAA0A8}.Runtime Unicode|x86.ActiveCfg = Runtime Unicode|Win32
		{37CF2044-5FD9-47EC-BBA5-E5F78FDAA0A8}.Runtime Unicode|x86.Build.0 = Runtime Unicode|Win32
		{37CF2044-5FD9-47EC-BBA5-E5F78FDAA0A8}.Runtime|ARM.ActiveCfg = Runtime|Win32
		{37CF2044-5FD9-47EC-BBA5-E5F78FDAA0A8}.Runtime|ARM64.ActiveCfg = Runtime|Win32
		{37CF2044-5FD9-47EC-BBA5-E5F78FDAA0A8}.Runtime|x64.ActiveCfg = Runtime|Win32
		{37CF2044-5FD9-47EC-BBA5-E5F78FDAA0A8}.Runtime|x86.ActiveCfg = Runtime|Win32
		{37CF2044-5FD9-47EC-BBA5-E5F78FDAA0A8}.Runtime|x86.Build.0 = Runtime|Win32
	EndGlobalSection
	GlobalSection(SolutionProperties) = preSolution
		HideSolutionNode = FALSE
	EndGlobalSection
	GlobalSection(ExtensibilityGlobals) = postSolution
		SolutionGuid = {25116E76-682D-44A2-B955-6BD38EFC650D}
	EndGlobalSection
	GlobalSection(SharedMSBuildProjectFiles) = preSolution
		GamejoltGameAPI.Shared.vcxitems*{37cf2044-5fd9-47ec-bba5-e5f78fdaa0a8}*SharedItemsImports = 4
		GamejoltGameAPI.Shared.vcxitems*{3870f1c6-20f6-46cb-824a-9863193879ff}*SharedItemsImports = 4
		GamejoltGameAPI.Shared.vcxitems*{59f72a1f-0220-44c6-8b4c-27bfc2d19a20}*SharedItemsImports = 4
		GamejoltGameAPI.Shared.vcxitems*{9f3e0a23-56c1-4791-8e32-1b7bf378b200}*SharedItemsImports = 4
		GamejoltGameAPI.Shared.vcxitems*{a1728e84-89b7-4074-a74c-8e0a35891dcc}*SharedItemsImports = 9
		GamejoltGameAPI.Shared.vcxitems*{37cf2044-5fd9-47ec-bba5-e5f78fdaa0a8}*SharedItemImports = 4
		GamejoltGameAPI.Shared.vcxitems*{3870f1c6-20f6-46cb-824a-9863193879ff}*SharedItemImports = 4
		GamejoltGameAPI.Shared.vcxitems*{59f72a1f-0220-44c6-8b4c-27bfc2d19a20}*SharedItemImports = 4
		GamejoltGameAPI.Shared.vcxitems*{9f3e0a23-56c1-4791-8e32-1b7bf378b200}*SharedItemImports = 4
		GamejoltGameAPI.Shared.vcxitems*{a1728e84-89b7-4074-a74c-8e0a35891dcc}*SharedItemImports = 9
	EndGlobalSection
EndGlobal
